
Microsoft Visual Studio Solution File, Format Version 12.00
# Visual Studio Version 17
VisualStudioVersion = 17.4.33122.133
MinimumVisualStudioVersion = 10.0.40219.1
Project("{FAE04EC0-301F-11D3-BF4B-00C04F79EFBC}") = "ClassLibrary2", "ClassLibrary2.csproj", "{F19EFA86-56AB-4E98-AFF4-E8F4C598F1A6}"
EndProject
Global
	GlobalSection(SolutionConfigurationPlatforms) = preSolution
		Debug|Any CPU = Debug|Any CPU
		Release|Any CPU = Release|Any CPU
	EndGlobalSection
	GlobalSection(ProjectConfigurationPlatforms) = postSolution
		{F19EFA86-56AB-4E98-AFF4-E8F4C598F1A6}.Debug|Any CPU.ActiveCfg = Debug|Any CPU
		{F19EFA86-56AB-4E98-AFF4-E8F4C598F1A6}.Debug|Any CPU.Build.0 = Debug|Any CPU
		{F19EFA86-56AB-4E98-AFF4-E8F4C598F1A6}.Release|Any CPU.ActiveCfg = Release|Any CPU
		{F19EFA86-56AB-4E98-AFF4-E8F4C598F1A6}.Release|Any CPU.Build.0 = Release|Any CPU
	EndGlobalSection
	GlobalSection(SolutionProperties) = preSolution
		HideSolutionNode = FALSE
	EndGlobalSection
	GlobalSection(ExtensibilityGlobals) = postSolution
		SolutionGuid = {82EF3AC6-7C33-48D5-A2CC-97D933B2DB43}
	EndGlobalSection
EndGlobal
